Microsoft Visual Studio Solution File, Format Version 12.00
# Visual Studio 2012
Project("{FAE04EC0-301F-11D3-BF4B-00C04F79EFBC}") = "rhythm", "rhythm.csproj", "{E64F3DD1-9676-4A69-AB10-4130D2086281}"
EndProject
Global
	GlobalSection(SolutionConfigurationPlatforms) = preSolution
	Debug|Any CPU = Debug|Any CPU
	ExportDebug|Any CPU = ExportDebug|Any CPU
	ExportRelease|Any CPU = ExportRelease|Any CPU
	EndGlobalSection
	GlobalSection(ProjectConfigurationPlatforms) = postSolution
		{E64F3DD1-9676-4A69-AB10-4130D2086281}.Debug|Any CPU.ActiveCfg = Debug|Any CPU
		{E64F3DD1-9676-4A69-AB10-4130D2086281}.Debug|Any CPU.Build.0 = Debug|Any CPU
		{E64F3DD1-9676-4A69-AB10-4130D2086281}.ExportDebug|Any CPU.ActiveCfg = ExportDebug|Any CPU
		{E64F3DD1-9676-4A69-AB10-4130D2086281}.ExportDebug|Any CPU.Build.0 = ExportDebug|Any CPU
		{E64F3DD1-9676-4A69-AB10-4130D2086281}.ExportRelease|Any CPU.ActiveCfg = ExportRelease|Any CPU
		{E64F3DD1-9676-4A69-AB10-4130D2086281}.ExportRelease|Any CPU.Build.0 = ExportRelease|Any CPU
	EndGlobalSection
EndGlobal
